
Microsoft Visual Studio Solution File, Format Version 12.00
# Visual Studio Version 17
VisualStudioVersion = 17.8.34408.163
MinimumVisualStudioVersion = 10.0.40219.1
Project("{FAE04EC0-301F-11D3-BF4B-00C04F79EFBC}") = "TheWaterProject", "TheWaterProject\TheWaterProject.csproj", "{0E5919EB-41AD-4909-A68E-B4DB69CFA095}"
EndProject
Global
	GlobalSection(SolutionConfigurationPlatforms) = preSolution
		Debug|Any CPU = Debug|Any CPU
		Release|Any CPU = Release|Any CPU
	EndGlobalSection
	GlobalSection(ProjectConfigurationPlatforms) = postSolution
		{0E5919EB-41AD-4909-A68E-B4DB69CFA095}.Debug|Any CPU.ActiveCfg = Debug|Any CPU
		{0E5919EB-41AD-4909-A68E-B4DB69CFA095}.Debug|Any CPU.Build.0 = Debug|Any CPU
		{0E5919EB-41AD-4909-A68E-B4DB69CFA095}.Release|Any CPU.ActiveCfg = Release|Any CPU
		{0E5919EB-41AD-4909-A68E-B4DB69CFA095}.Release|Any CPU.Build.0 = Release|Any CPU
	EndGlobalSection
	GlobalSection(SolutionProperties) = preSolution
		HideSolutionNode = FALSE
	EndGlobalSection
	GlobalSection(ExtensibilityGlobals) = postSolution
		SolutionGuid = {2FE47B01-071D-43CB-9681-60B13CA18F8B}
	EndGlobalSection
EndGlobal
